
Microsoft Visual Studio Solution File, Format Version 12.00
# Visual Studio 14
VisualStudioVersion = 14.0.23107.0
MinimumVisualStudioVersion = 10.0.40219.1
Project("{FAE04EC0-301F-11D3-BF4B-00C04F79EFBC}") = "Reactor", "Website\Reactor.csproj", "{A7C2B872-2B51-400D-81BF-40B70CF8F486}"
EndProject
Project("{CAA73BB0-EF22-4D79-A57E-DF67B3BA9C80}") = "Reactor.Items", "Reactor.Items\Reactor.Items.scproj", "{C1754668-0A03-4D80-94E3-D10E34834258}"
EndProject
Project("{2150E333-8FDC-42A3-9474-1A3956D46DE8}") = ".tds", ".tds", "{EFECA602-FF38-4DDB-8E63-D99F55C755B0}"
	ProjectSection(SolutionItems) = preProject
		TdsGlobal.config = TdsGlobal.config
	EndProjectSection
EndProject
Global
	GlobalSection(SolutionConfigurationPlatforms) = preSolution
		Debug|Any CPU = Debug|Any CPU
		Release|Any CPU = Release|Any CPU
	EndGlobalSection
	GlobalSection(ProjectConfigurationPlatforms) = postSolution
		{A7C2B872-2B51-400D-81BF-40B70CF8F486}.Debug|Any CPU.ActiveCfg = Debug|Any CPU
		{A7C2B872-2B51-400D-81BF-40B70CF8F486}.Debug|Any CPU.Build.0 = Debug|Any CPU
		{A7C2B872-2B51-400D-81BF-40B70CF8F486}.Release|Any CPU.ActiveCfg = Release|Any CPU
		{A7C2B872-2B51-400D-81BF-40B70CF8F486}.Release|Any CPU.Build.0 = Release|Any CPU
		{C1754668-0A03-4D80-94E3-D10E34834258}.Debug|Any CPU.ActiveCfg = Debug|Any CPU
		{C1754668-0A03-4D80-94E3-D10E34834258}.Debug|Any CPU.Build.0 = Debug|Any CPU
		{C1754668-0A03-4D80-94E3-D10E34834258}.Debug|Any CPU.Deploy.0 = Debug|Any CPU
		{C1754668-0A03-4D80-94E3-D10E34834258}.Release|Any CPU.ActiveCfg = Release|Any CPU
		{C1754668-0A03-4D80-94E3-D10E34834258}.Release|Any CPU.Build.0 = Release|Any CPU
		{C1754668-0A03-4D80-94E3-D10E34834258}.Release|Any CPU.Deploy.0 = Release|Any CPU
	EndGlobalSection
	GlobalSection(SolutionProperties) = preSolution
		HideSolutionNode = FALSE
	EndGlobalSection
EndGlobal
